
Microsoft Visual Studio Solution File, Format Version 12.00
Project("{FAE04EC0-301F-11D3-BF4B-00C04F79EFBC}") = "IBMMQStuckConnectionRepro", "IBMMQStuckConnectionRepro\IBMMQStuckConnectionRepro.csproj", "{80E4E276-548C-4EC7-B616-A1B779BA45EE}"
EndProject
Project("{2150E333-8FDC-42A3-9474-1A3956D46DE8}") = "mqserver", "mqserver", "{E2860B08-3E0E-46C6-843F-813A82BB332F}"
	ProjectSection(SolutionItems) = preProject
		mqserver\20-config.mqsc = mqserver\20-config.mqsc
		mqserver\build.ps1 = mqserver\build.ps1
		mqserver\Dockerfile = mqserver\Dockerfile
	EndProjectSection
EndProject
Global
	GlobalSection(SolutionConfigurationPlatforms) = preSolution
		Debug|Any CPU = Debug|Any CPU
		Release|Any CPU = Release|Any CPU
	EndGlobalSection
	GlobalSection(ProjectConfigurationPlatforms) = postSolution
		{80E4E276-548C-4EC7-B616-A1B779BA45EE}.Debug|Any CPU.ActiveCfg = Debug|Any CPU
		{80E4E276-548C-4EC7-B616-A1B779BA45EE}.Debug|Any CPU.Build.0 = Debug|Any CPU
		{80E4E276-548C-4EC7-B616-A1B779BA45EE}.Release|Any CPU.ActiveCfg = Release|Any CPU
		{80E4E276-548C-4EC7-B616-A1B779BA45EE}.Release|Any CPU.Build.0 = Release|Any CPU
	EndGlobalSection
EndGlobal
